Microsoft Visual Studio Solution File, Format Version 12.00
# Visual Studio Version 17
VisualStudioVersion = 17.5.2.0
MinimumVisualStudioVersion = 10.0.40219.1
Project("{FAE04EC0-301F-11D3-BF4B-00C04F79EFBC}") = "SecurityCameraServer", "server\SecurityCameraServer.csproj", "{DAC26B49-C553-FC21-3078-92F26331757F}"
EndProject
Global
	GlobalSection(SolutionConfigurationPlatforms) = preSolution
		Debug|Any CPU = Debug|Any CPU
		Release|Any CPU = Release|Any CPU
	EndGlobalSection
	GlobalSection(ProjectConfigurationPlatforms) = postSolution
		{DAC26B49-C553-FC21-3078-92F26331757F}.Debug|Any CPU.ActiveCfg = Debug|Any CPU
		{DAC26B49-C553-FC21-3078-92F26331757F}.Debug|Any CPU.Build.0 = Debug|Any CPU
		{DAC26B49-C553-FC21-3078-92F26331757F}.Release|Any CPU.ActiveCfg = Release|Any CPU
		{DAC26B49-C553-FC21-3078-92F26331757F}.Release|Any CPU.Build.0 = Release|Any CPU
	EndGlobalSection
	GlobalSection(SolutionProperties) = preSolution
		HideSolutionNode = FALSE
	EndGlobalSection
	GlobalSection(ExtensibilityGlobals) = postSolution
		SolutionGuid = {1BEE5590-467C-4127-B32C-278988CB35E1}
	EndGlobalSection
EndGlobal
